{"version":4,"terraform_version":"1.8.4","serial":16,"lineage":"fdd14264-f9ab-7e25-47c1-352063176b83","outputs":{},"resources":[{"mode":"managed","type":"proxmox_vm_qemu","name":"virtual_machines","provider":"provider[\"registry.opentofu.org/telmate/proxmox\"]","instances":[{"index_key":"app01","schema_version":0,"attributes":{"additional_wait":5,"agent":1,"agent_timeout":null,"args":"","automatic_reboot":true,"balloon":0,"bios":"seabios","boot":"c","bootdisk":"scsi0","ci_wait":null,"cicustom":null,"cipassword":"@cuUUe7TH","ciupgrade":true,"ciuser":"mkudryashov","clone":"ubuntu-22.04.4-cloud-template","clone_wait":10,"cores":1,"cpu":"host","default_ipv4_address":"10.10.5.103","default_ipv6_address":"","define_connection_info":true,"desc":"app01.local","disk":[],"disks":[{"ide":[{"ide0":[{"cdrom":[],"cloudinit":[{"storage":"local_ext4_md0"}],"disk":[],"passthrough":[]}],"ide1":[],"ide2":[],"ide3":[]}],"sata":[],"scsi":[{"scsi0":[{"cdrom":[],"cloudinit":[],"disk":[{"asyncio":"","backup":true,"cache":"","discard":false,"emulatessd":false,"format":"qcow2","id":0,"iops_r_burst":0,"iops_r_burst_length":0,"iops_r_concurrent":0,"iops_wr_burst":0,"iops_wr_burst_length":0,"iops_wr_concurrent":0,"iothread":false,"linked_disk_id":-1,"mbps_r_burst":0,"mbps_r_concurrent":0,"mbps_wr_burst":0,"mbps_wr_concurrent":0,"readonly":false,"replicate":false,"serial":"","size":"10G","storage":"local_ext4_md0","wwn":""}],"passthrough":[]}],"scsi1":[],"scsi10":[],"scsi11":[],"scsi12":[],"scsi13":[],"scsi14":[],"scsi15":[],"scsi16":[],"scsi17":[],"scsi18":[],"scsi19":[],"scsi2":[],"scsi20":[],"scsi21":[],"scsi22":[],"scsi23":[],"scsi24":[],"scsi25":[],"scsi26":[],"scsi27":[],"scsi28":[],"scsi29":[],"scsi3":[],"scsi30":[],"scsi4":[],"scsi5":[],"scsi6":[],"scsi7":[],"scsi8":[],"scsi9":[]}],"virtio":[]}],"efidisk":[],"force_create":false,"force_recreate_on_change_of":null,"full_clone":true,"hagroup":"","hastate":"","hostpci":[],"hotplug":"network,disk,usb","id":"pve/qemu/1003","ipconfig0":"ip=10.10.5.103/24,gw=10.10.5.254","ipconfig1":null,"ipconfig10":null,"ipconfig11":null,"ipconfig12":null,"ipconfig13":null,"ipconfig14":null,"ipconfig15":null,"ipconfig2":null,"ipconfig3":null,"ipconfig4":null,"ipconfig5":null,"ipconfig6":null,"ipconfig7":null,"ipconfig8":null,"ipconfig9":null,"kvm":true,"linked_vmid":0,"machine":"","memory":1024,"name":"app01.local","nameserver":"10.10.5.254","network":[{"bridge":"vmbr0","firewall":false,"link_down":false,"macaddr":"96:67:21:4E:53:DA","model":"virtio","mtu":0,"queues":0,"rate":0,"tag":1005}],"numa":true,"onboot":true,"os_network_config":null,"os_type":"cloud-init","pool":"","protection":false,"pxe":null,"qemu_os":"l26","reboot_required":false,"scsihw":"virtio-scsi-pci","searchdomain":"local","serial":[{"id":0,"type":"socket"}],"skip_ipv4":false,"skip_ipv6":false,"smbios":[{"family":"","manufacturer":"","product":"","serial":"","sku":"","uuid":"57bc4dd2-7ff4-45c9-ac2e-8c55bd9611da","version":""}],"sockets":1,"ssh_forward_ip":null,"ssh_host":"10.10.5.103","ssh_port":"22","ssh_private_key":null,"ssh_user":null,"sshkeys":" ssh-rsa AAAAB3NzaC1yc2EAAAADAQABAAABgQDsbVRdjzjjGneFF3EfMtRM+Q0ktwN0z44Rnv5Bd36ntBDuq+ScWMg0utD0PNaj0XX2Z8SsHiqtOhpLvyalKqVirsdkhnAAa/iW+hU9C2PB2Uw5SyyHfHsiePJ6DnMX8mm8yeAcnQMODoIqdZyldtbYbOoMQNgm04ry9Wry17BuB9lNpAZGv0Y8bdovNX+Pg+oJV2QrxBV+A6Z7NSWQwkrf3EfKGaMtgNvwVLPE9qhEfh02LNyQfjrOB2NXzm3gvK8TFZxBKWisCiflm+7xefBNBC90zbHWkV20tMlWi620DURNZkx9aGUVoEN842OMAnwhcUx8XMn7vXqZfnRlv2vxOW2xublJcFnWSwsUgUQr/QoJjNskl6Jx8n856rtuJYoDK2kLJOBEGB8y9/vVyiRO3dpwpggkMbC2560gep0xMXrqhaDkrFuWuBanFZbJW0RFmK+H6Fo6HJrFnTDHn6RK0duBic414QKqpi2Hm8OqHgBq0dApgWOZFLNyeq/cgRU= mkudryashov@macbook-air.local\n ssh-rsa AAAAB3NzaC1yc2EAAAADAQABAAABgQCYAkayKZCAXs+7pphwAhlOZ4G48A8SFvsfOvuetjeaqJ8TtGKLe1dDnZ7AKY9uNbgLdGuQhVZqf4xKSxxU1Fg5JuXbh8KoSKZRRdE0XwyyiX0jTW81Vw4E8gc9BvHx9gDNWIjPFIJdVg99kOozp3tMkVwwuTyG5R0vf6ov0tmBOb1jWw9B33/kpi4LaCwsn/ltpRzDrSK+EABRPDLzgGCz72JGSFvmQ3dGvk1IPyMEHFN3XSzlvdWeC8hyGcdLXELEnxFX3c9KOc+LHHf9L2glQcJZrlrG+pUsh8eCyKlkY2ml64K85oSzPSvfB5X3vrjHoHUYZyaI715YWPbMvwspOEb3RnPvr+v84y+3iT/FkoQzOayE4tLV9y2NSVM79UZpdf1KgBeZ/ApjUY353pW0RX3u0jbH0a8ywXK0IY4VeW8Dwks2rC3qE7Zsp1INm9K89JoARJAYgr8L3aBhJ70lEwg3P55K3Psc7znNB+14DbWLBzhLtRRM2A4V09FdFV0= mkudryashov@ansible\n ssh-rsa AAAAB3NzaC1yc2EAAAADAQABAAABgQC2Sp0Ql87S2UnOs8+zQSA6iDui8m5T2/OM4U6IaXE1WlK1UonEVJcELAdEzLRO6wqqJe4YBIC0ANJPWeKp8DeTtnO0X/vX9tP86BCoIyI/c3iohe+wVLj9or3ivmQp+bHiTXm3BOy3KNs99TDvzIC9A8EVgQ9OSulUE16qPLpvZisDGLLCpIws+4TWJ90KB7wU5pMVAMZw9POnm7I3vipUYqBmhWrgRCweP6/KXa7o6IoX1goKnwTddAUaJyG0UQNv37V4sc8yAUNQX/uHSHC2kN+C1G57O2af6H7/UJMIgkGYyNEBugs1t5WpDWav2l25EZYbAnJiN51l6+Pc40hVEy1+xhR0s91/UwY7A6ZSoK5q/Y3OnC0kdhWn3GesF9pt/Hw36i3ywbvYB0MnYtJnbofSQCbani/nGBVex/P1vTJeZOZwd8CEhUvZ1nl6VLTi3Xf76ZDbqJmeaWOQJf0tWUdJV80mBc8WOO67ZiKkdgiDapLcJkBjVAnBYqH9S5E= mkudryashov@automation\n","startup":"","tablet":true,"tags":"tofu;linux;ubuntu","target_node":"pve","target_nodes":null,"timeouts":null,"unused_disk":[],"usb":[],"vcpus":1,"vga":[{"memory":null,"type":"serial0"}],"vm_state":"running","vmid":1003},"sensitive_attributes":[[{"type":"get_attr","value":"ssh_private_key"}],[{"type":"get_attr","value":"cipassword"}]],"private":"eyJlMmJmYjczMC1lY2FhLTExZTYtOGY4OC0zNDM2M2JjN2M0YzAiOnsiY3JlYXRlIjoxMjAwMDAwMDAwMDAwLCJkZWZhdWx0IjoxMjAwMDAwMDAwMDAwLCJkZWxldGUiOjEyMDAwMDAwMDAwMDAsInJlYWQiOjEyMDAwMDAwMDAwMDAsInVwZGF0ZSI6MTIwMDAwMDAwMDAwMH19"},{"index_key":"app02","schema_version":0,"attributes":{"additional_wait":5,"agent":1,"agent_timeout":null,"args":"","automatic_reboot":true,"balloon":0,"bios":"seabios","boot":"c","bootdisk":"scsi0","ci_wait":null,"cicustom":null,"cipassword":"@cuUUe7TH","ciupgrade":true,"ciuser":"mkudryashov","clone":"ubuntu-22.04.4-cloud-template","clone_wait":10,"cores":1,"cpu":"host","default_ipv4_address":"10.10.5.104","default_ipv6_address":"","define_connection_info":true,"desc":"app02.local","disk":[],"disks":[{"ide":[{"ide0":[{"cdrom":[],"cloudinit":[{"storage":"local_ext4_md0"}],"disk":[],"passthrough":[]}],"ide1":[],"ide2":[],"ide3":[]}],"sata":[],"scsi":[{"scsi0":[{"cdrom":[],"cloudinit":[],"disk":[{"asyncio":"","backup":true,"cache":"","discard":false,"emulatessd":false,"format":"qcow2","id":0,"iops_r_burst":0,"iops_r_burst_length":0,"iops_r_concurrent":0,"iops_wr_burst":0,"iops_wr_burst_length":0,"iops_wr_concurrent":0,"iothread":false,"linked_disk_id":-1,"mbps_r_burst":0,"mbps_r_concurrent":0,"mbps_wr_burst":0,"mbps_wr_concurrent":0,"readonly":false,"replicate":false,"serial":"","size":"10G","storage":"local_ext4_md0","wwn":""}],"passthrough":[]}],"scsi1":[],"scsi10":[],"scsi11":[],"scsi12":[],"scsi13":[],"scsi14":[],"scsi15":[],"scsi16":[],"scsi17":[],"scsi18":[],"scsi19":[],"scsi2":[],"scsi20":[],"scsi21":[],"scsi22":[],"scsi23":[],"scsi24":[],"scsi25":[],"scsi26":[],"scsi27":[],"scsi28":[],"scsi29":[],"scsi3":[],"scsi30":[],"scsi4":[],"scsi5":[],"scsi6":[],"scsi7":[],"scsi8":[],"scsi9":[]}],"virtio":[]}],"efidisk":[],"force_create":false,"force_recreate_on_change_of":null,"full_clone":true,"hagroup":"","hastate":"","hostpci":[],"hotplug":"network,disk,usb","id":"pve/qemu/1004","ipconfig0":"ip=10.10.5.104/24,gw=10.10.5.254","ipconfig1":null,"ipconfig10":null,"ipconfig11":null,"ipconfig12":null,"ipconfig13":null,"ipconfig14":null,"ipconfig15":null,"ipconfig2":null,"ipconfig3":null,"ipconfig4":null,"ipconfig5":null,"ipconfig6":null,"ipconfig7":null,"ipconfig8":null,"ipconfig9":null,"kvm":true,"linked_vmid":0,"machine":"","memory":1024,"name":"app02.local","nameserver":"10.10.5.254","network":[{"bridge":"vmbr0","firewall":false,"link_down":false,"macaddr":"2A:40:0E:13:9D:C3","model":"virtio","mtu":0,"queues":0,"rate":0,"tag":1005}],"numa":true,"onboot":true,"os_network_config":null,"os_type":"cloud-init","pool":"","protection":false,"pxe":null,"qemu_os":"l26","reboot_required":false,"scsihw":"virtio-scsi-pci","searchdomain":"local","serial":[{"id":0,"type":"socket"}],"skip_ipv4":false,"skip_ipv6":false,"smbios":[{"family":"","manufacturer":"","product":"","serial":"","sku":"","uuid":"ce975fe7-332e-4b27-95a3-fb9a0a2134a1","version":""}],"sockets":1,"ssh_forward_ip":null,"ssh_host":"10.10.5.104","ssh_port":"22","ssh_private_key":null,"ssh_user":null,"sshkeys":" ssh-rsa AAAAB3NzaC1yc2EAAAADAQABAAABgQDsbVRdjzjjGneFF3EfMtRM+Q0ktwN0z44Rnv5Bd36ntBDuq+ScWMg0utD0PNaj0XX2Z8SsHiqtOhpLvyalKqVirsdkhnAAa/iW+hU9C2PB2Uw5SyyHfHsiePJ6DnMX8mm8yeAcnQMODoIqdZyldtbYbOoMQNgm04ry9Wry17BuB9lNpAZGv0Y8bdovNX+Pg+oJV2QrxBV+A6Z7NSWQwkrf3EfKGaMtgNvwVLPE9qhEfh02LNyQfjrOB2NXzm3gvK8TFZxBKWisCiflm+7xefBNBC90zbHWkV20tMlWi620DURNZkx9aGUVoEN842OMAnwhcUx8XMn7vXqZfnRlv2vxOW2xublJcFnWSwsUgUQr/QoJjNskl6Jx8n856rtuJYoDK2kLJOBEGB8y9/vVyiRO3dpwpggkMbC2560gep0xMXrqhaDkrFuWuBanFZbJW0RFmK+H6Fo6HJrFnTDHn6RK0duBic414QKqpi2Hm8OqHgBq0dApgWOZFLNyeq/cgRU= mkudryashov@macbook-air.local\n ssh-rsa AAAAB3NzaC1yc2EAAAADAQABAAABgQCYAkayKZCAXs+7pphwAhlOZ4G48A8SFvsfOvuetjeaqJ8TtGKLe1dDnZ7AKY9uNbgLdGuQhVZqf4xKSxxU1Fg5JuXbh8KoSKZRRdE0XwyyiX0jTW81Vw4E8gc9BvHx9gDNWIjPFIJdVg99kOozp3tMkVwwuTyG5R0vf6ov0tmBOb1jWw9B33/kpi4LaCwsn/ltpRzDrSK+EABRPDLzgGCz72JGSFvmQ3dGvk1IPyMEHFN3XSzlvdWeC8hyGcdLXELEnxFX3c9KOc+LHHf9L2glQcJZrlrG+pUsh8eCyKlkY2ml64K85oSzPSvfB5X3vrjHoHUYZyaI715YWPbMvwspOEb3RnPvr+v84y+3iT/FkoQzOayE4tLV9y2NSVM79UZpdf1KgBeZ/ApjUY353pW0RX3u0jbH0a8ywXK0IY4VeW8Dwks2rC3qE7Zsp1INm9K89JoARJAYgr8L3aBhJ70lEwg3P55K3Psc7znNB+14DbWLBzhLtRRM2A4V09FdFV0= mkudryashov@ansible\n ssh-rsa AAAAB3NzaC1yc2EAAAADAQABAAABgQC2Sp0Ql87S2UnOs8+zQSA6iDui8m5T2/OM4U6IaXE1WlK1UonEVJcELAdEzLRO6wqqJe4YBIC0ANJPWeKp8DeTtnO0X/vX9tP86BCoIyI/c3iohe+wVLj9or3ivmQp+bHiTXm3BOy3KNs99TDvzIC9A8EVgQ9OSulUE16qPLpvZisDGLLCpIws+4TWJ90KB7wU5pMVAMZw9POnm7I3vipUYqBmhWrgRCweP6/KXa7o6IoX1goKnwTddAUaJyG0UQNv37V4sc8yAUNQX/uHSHC2kN+C1G57O2af6H7/UJMIgkGYyNEBugs1t5WpDWav2l25EZYbAnJiN51l6+Pc40hVEy1+xhR0s91/UwY7A6ZSoK5q/Y3OnC0kdhWn3GesF9pt/Hw36i3ywbvYB0MnYtJnbofSQCbani/nGBVex/P1vTJeZOZwd8CEhUvZ1nl6VLTi3Xf76ZDbqJmeaWOQJf0tWUdJV80mBc8WOO67ZiKkdgiDapLcJkBjVAnBYqH9S5E= mkudryashov@automation\n","startup":"","tablet":true,"tags":"tofu;linux;ubuntu","target_node":"pve","target_nodes":null,"timeouts":null,"unused_disk":[],"usb":[],"vcpus":1,"vga":[{"memory":null,"type":"serial0"}],"vm_state":"running","vmid":1004},"sensitive_attributes":[[{"type":"get_attr","value":"cipassword"}],[{"type":"get_attr","value":"ssh_private_key"}]],"private":"eyJlMmJmYjczMC1lY2FhLTExZTYtOGY4OC0zNDM2M2JjN2M0YzAiOnsiY3JlYXRlIjoxMjAwMDAwMDAwMDAwLCJkZWZhdWx0IjoxMjAwMDAwMDAwMDAwLCJkZWxldGUiOjEyMDAwMDAwMDAwMDAsInJlYWQiOjEyMDAwMDAwMDAwMDAsInVwZGF0ZSI6MTIwMDAwMDAwMDAwMH19"},{"index_key":"db01","schema_version":0,"attributes":{"additional_wait":5,"agent":1,"agent_timeout":null,"args":"","automatic_reboot":true,"balloon":0,"bios":"seabios","boot":"c","bootdisk":"scsi0","ci_wait":null,"cicustom":null,"cipassword":"@cuUUe7TH","ciupgrade":true,"ciuser":"mkudryashov","clone":"ubuntu-22.04.4-cloud-template","clone_wait":10,"cores":1,"cpu":"host","default_ipv4_address":"10.10.5.105","default_ipv6_address":"","define_connection_info":true,"desc":"db01.local","disk":[],"disks":[{"ide":[{"ide0":[{"cdrom":[],"cloudinit":[{"storage":"local_ext4_md0"}],"disk":[],"passthrough":[]}],"ide1":[],"ide2":[],"ide3":[]}],"sata":[],"scsi":[{"scsi0":[{"cdrom":[],"cloudinit":[],"disk":[{"asyncio":"","backup":true,"cache":"","discard":false,"emulatessd":false,"format":"qcow2","id":0,"iops_r_burst":0,"iops_r_burst_length":0,"iops_r_concurrent":0,"iops_wr_burst":0,"iops_wr_burst_length":0,"iops_wr_concurrent":0,"iothread":false,"linked_disk_id":-1,"mbps_r_burst":0,"mbps_r_concurrent":0,"mbps_wr_burst":0,"mbps_wr_concurrent":0,"readonly":false,"replicate":false,"serial":"","size":"10G","storage":"local_ext4_md0","wwn":""}],"passthrough":[]}],"scsi1":[],"scsi10":[],"scsi11":[],"scsi12":[],"scsi13":[],"scsi14":[],"scsi15":[],"scsi16":[],"scsi17":[],"scsi18":[],"scsi19":[],"scsi2":[],"scsi20":[],"scsi21":[],"scsi22":[],"scsi23":[],"scsi24":[],"scsi25":[],"scsi26":[],"scsi27":[],"scsi28":[],"scsi29":[],"scsi3":[],"scsi30":[],"scsi4":[],"scsi5":[],"scsi6":[],"scsi7":[],"scsi8":[],"scsi9":[]}],"virtio":[]}],"efidisk":[],"force_create":false,"force_recreate_on_change_of":null,"full_clone":true,"hagroup":"","hastate":"","hostpci":[],"hotplug":"network,disk,usb","id":"pve/qemu/1005","ipconfig0":"ip=10.10.5.105/24,gw=10.10.5.254","ipconfig1":null,"ipconfig10":null,"ipconfig11":null,"ipconfig12":null,"ipconfig13":null,"ipconfig14":null,"ipconfig15":null,"ipconfig2":null,"ipconfig3":null,"ipconfig4":null,"ipconfig5":null,"ipconfig6":null,"ipconfig7":null,"ipconfig8":null,"ipconfig9":null,"kvm":true,"linked_vmid":0,"machine":"","memory":1024,"name":"db01.local","nameserver":"10.10.5.254","network":[{"bridge":"vmbr0","firewall":false,"link_down":false,"macaddr":"76:34:4F:D3:D6:CB","model":"virtio","mtu":0,"queues":0,"rate":0,"tag":1005}],"numa":true,"onboot":true,"os_network_config":null,"os_type":"cloud-init","pool":"","protection":false,"pxe":null,"qemu_os":"l26","reboot_required":false,"scsihw":"virtio-scsi-pci","searchdomain":"local","serial":[{"id":0,"type":"socket"}],"skip_ipv4":false,"skip_ipv6":false,"smbios":[{"family":"","manufacturer":"","product":"","serial":"","sku":"","uuid":"db81ae09-fa23-4615-8f04-c5829e8fc91a","version":""}],"sockets":1,"ssh_forward_ip":null,"ssh_host":"10.10.5.105","ssh_port":"22","ssh_private_key":null,"ssh_user":null,"sshkeys":" ssh-rsa AAAAB3NzaC1yc2EAAAADAQABAAABgQDsbVRdjzjjGneFF3EfMtRM+Q0ktwN0z44Rnv5Bd36ntBDuq+ScWMg0utD0PNaj0XX2Z8SsHiqtOhpLvyalKqVirsdkhnAAa/iW+hU9C2PB2Uw5SyyHfHsiePJ6DnMX8mm8yeAcnQMODoIqdZyldtbYbOoMQNgm04ry9Wry17BuB9lNpAZGv0Y8bdovNX+Pg+oJV2QrxBV+A6Z7NSWQwkrf3EfKGaMtgNvwVLPE9qhEfh02LNyQfjrOB2NXzm3gvK8TFZxBKWisCiflm+7xefBNBC90zbHWkV20tMlWi620DURNZkx9aGUVoEN842OMAnwhcUx8XMn7vXqZfnRlv2vxOW2xublJcFnWSwsUgUQr/QoJjNskl6Jx8n856rtuJYoDK2kLJOBEGB8y9/vVyiRO3dpwpggkMbC2560gep0xMXrqhaDkrFuWuBanFZbJW0RFmK+H6Fo6HJrFnTDHn6RK0duBic414QKqpi2Hm8OqHgBq0dApgWOZFLNyeq/cgRU= mkudryashov@macbook-air.local\n ssh-rsa AAAAB3NzaC1yc2EAAAADAQABAAABgQCYAkayKZCAXs+7pphwAhlOZ4G48A8SFvsfOvuetjeaqJ8TtGKLe1dDnZ7AKY9uNbgLdGuQhVZqf4xKSxxU1Fg5JuXbh8KoSKZRRdE0XwyyiX0jTW81Vw4E8gc9BvHx9gDNWIjPFIJdVg99kOozp3tMkVwwuTyG5R0vf6ov0tmBOb1jWw9B33/kpi4LaCwsn/ltpRzDrSK+EABRPDLzgGCz72JGSFvmQ3dGvk1IPyMEHFN3XSzlvdWeC8hyGcdLXELEnxFX3c9KOc+LHHf9L2glQcJZrlrG+pUsh8eCyKlkY2ml64K85oSzPSvfB5X3vrjHoHUYZyaI715YWPbMvwspOEb3RnPvr+v84y+3iT/FkoQzOayE4tLV9y2NSVM79UZpdf1KgBeZ/ApjUY353pW0RX3u0jbH0a8ywXK0IY4VeW8Dwks2rC3qE7Zsp1INm9K89JoARJAYgr8L3aBhJ70lEwg3P55K3Psc7znNB+14DbWLBzhLtRRM2A4V09FdFV0= mkudryashov@ansible\n ssh-rsa AAAAB3NzaC1yc2EAAAADAQABAAABgQC2Sp0Ql87S2UnOs8+zQSA6iDui8m5T2/OM4U6IaXE1WlK1UonEVJcELAdEzLRO6wqqJe4YBIC0ANJPWeKp8DeTtnO0X/vX9tP86BCoIyI/c3iohe+wVLj9or3ivmQp+bHiTXm3BOy3KNs99TDvzIC9A8EVgQ9OSulUE16qPLpvZisDGLLCpIws+4TWJ90KB7wU5pMVAMZw9POnm7I3vipUYqBmhWrgRCweP6/KXa7o6IoX1goKnwTddAUaJyG0UQNv37V4sc8yAUNQX/uHSHC2kN+C1G57O2af6H7/UJMIgkGYyNEBugs1t5WpDWav2l25EZYbAnJiN51l6+Pc40hVEy1+xhR0s91/UwY7A6ZSoK5q/Y3OnC0kdhWn3GesF9pt/Hw36i3ywbvYB0MnYtJnbofSQCbani/nGBVex/P1vTJeZOZwd8CEhUvZ1nl6VLTi3Xf76ZDbqJmeaWOQJf0tWUdJV80mBc8WOO67ZiKkdgiDapLcJkBjVAnBYqH9S5E= mkudryashov@automation\n","startup":"","tablet":true,"tags":"tofu;linux;ubuntu","target_node":"pve","target_nodes":null,"timeouts":null,"unused_disk":[],"usb":[],"vcpus":1,"vga":[{"memory":null,"type":"serial0"}],"vm_state":"running","vmid":1005},"sensitive_attributes":[[{"type":"get_attr","value":"ssh_private_key"}],[{"type":"get_attr","value":"cipassword"}]],"private":"eyJlMmJmYjczMC1lY2FhLTExZTYtOGY4OC0zNDM2M2JjN2M0YzAiOnsiY3JlYXRlIjoxMjAwMDAwMDAwMDAwLCJkZWZhdWx0IjoxMjAwMDAwMDAwMDAwLCJkZWxldGUiOjEyMDAwMDAwMDAwMDAsInJlYWQiOjEyMDAwMDAwMDAwMDAsInVwZGF0ZSI6MTIwMDAwMDAwMDAwMH19"},{"index_key":"db02","schema_version":0,"attributes":{"additional_wait":5,"agent":1,"agent_timeout":null,"args":"","automatic_reboot":true,"balloon":0,"bios":"seabios","boot":"c","bootdisk":"scsi0","ci_wait":null,"cicustom":null,"cipassword":"@cuUUe7TH","ciupgrade":true,"ciuser":"mkudryashov","clone":"ubuntu-22.04.4-cloud-template","clone_wait":10,"cores":1,"cpu":"host","default_ipv4_address":"10.10.5.106","default_ipv6_address":"","define_connection_info":true,"desc":"db02.local","disk":[],"disks":[{"ide":[{"ide0":[{"cdrom":[],"cloudinit":[{"storage":"local_ext4_md0"}],"disk":[],"passthrough":[]}],"ide1":[],"ide2":[],"ide3":[]}],"sata":[],"scsi":[{"scsi0":[{"cdrom":[],"cloudinit":[],"disk":[{"asyncio":"","backup":true,"cache":"","discard":false,"emulatessd":false,"format":"qcow2","id":0,"iops_r_burst":0,"iops_r_burst_length":0,"iops_r_concurrent":0,"iops_wr_burst":0,"iops_wr_burst_length":0,"iops_wr_concurrent":0,"iothread":false,"linked_disk_id":-1,"mbps_r_burst":0,"mbps_r_concurrent":0,"mbps_wr_burst":0,"mbps_wr_concurrent":0,"readonly":false,"replicate":false,"serial":"","size":"10G","storage":"local_ext4_md0","wwn":""}],"passthrough":[]}],"scsi1":[],"scsi10":[],"scsi11":[],"scsi12":[],"scsi13":[],"scsi14":[],"scsi15":[],"scsi16":[],"scsi17":[],"scsi18":[],"scsi19":[],"scsi2":[],"scsi20":[],"scsi21":[],"scsi22":[],"scsi23":[],"scsi24":[],"scsi25":[],"scsi26":[],"scsi27":[],"scsi28":[],"scsi29":[],"scsi3":[],"scsi30":[],"scsi4":[],"scsi5":[],"scsi6":[],"scsi7":[],"scsi8":[],"scsi9":[]}],"virtio":[]}],"efidisk":[],"force_create":false,"force_recreate_on_change_of":null,"full_clone":true,"hagroup":"","hastate":"","hostpci":[],"hotplug":"network,disk,usb","id":"pve/qemu/1006","ipconfig0":"ip=10.10.5.106/24,gw=10.10.5.254","ipconfig1":null,"ipconfig10":null,"ipconfig11":null,"ipconfig12":null,"ipconfig13":null,"ipconfig14":null,"ipconfig15":null,"ipconfig2":null,"ipconfig3":null,"ipconfig4":null,"ipconfig5":null,"ipconfig6":null,"ipconfig7":null,"ipconfig8":null,"ipconfig9":null,"kvm":true,"linked_vmid":0,"machine":"","memory":1024,"name":"db02.local","nameserver":"10.10.5.254","network":[{"bridge":"vmbr0","firewall":false,"link_down":false,"macaddr":"32:92:2F:31:DE:37","model":"virtio","mtu":0,"queues":0,"rate":0,"tag":1005}],"numa":true,"onboot":true,"os_network_config":null,"os_type":"cloud-init","pool":"","protection":false,"pxe":null,"qemu_os":"l26","reboot_required":false,"scsihw":"virtio-scsi-pci","searchdomain":"local","serial":[{"id":0,"type":"socket"}],"skip_ipv4":false,"skip_ipv6":false,"smbios":[{"family":"","manufacturer":"","product":"","serial":"","sku":"","uuid":"38ed3923-e04b-4377-95f7-d12287ea2590","version":""}],"sockets":1,"ssh_forward_ip":null,"ssh_host":"10.10.5.106","ssh_port":"22","ssh_private_key":null,"ssh_user":null,"sshkeys":" ssh-rsa AAAAB3NzaC1yc2EAAAADAQABAAABgQDsbVRdjzjjGneFF3EfMtRM+Q0ktwN0z44Rnv5Bd36ntBDuq+ScWMg0utD0PNaj0XX2Z8SsHiqtOhpLvyalKqVirsdkhnAAa/iW+hU9C2PB2Uw5SyyHfHsiePJ6DnMX8mm8yeAcnQMODoIqdZyldtbYbOoMQNgm04ry9Wry17BuB9lNpAZGv0Y8bdovNX+Pg+oJV2QrxBV+A6Z7NSWQwkrf3EfKGaMtgNvwVLPE9qhEfh02LNyQfjrOB2NXzm3gvK8TFZxBKWisCiflm+7xefBNBC90zbHWkV20tMlWi620DURNZkx9aGUVoEN842OMAnwhcUx8XMn7vXqZfnRlv2vxOW2xublJcFnWSwsUgUQr/QoJjNskl6Jx8n856rtuJYoDK2kLJOBEGB8y9/vVyiRO3dpwpggkMbC2560gep0xMXrqhaDkrFuWuBanFZbJW0RFmK+H6Fo6HJrFnTDHn6RK0duBic414QKqpi2Hm8OqHgBq0dApgWOZFLNyeq/cgRU= mkudryashov@macbook-air.local\n ssh-rsa AAAAB3NzaC1yc2EAAAADAQABAAABgQCYAkayKZCAXs+7pphwAhlOZ4G48A8SFvsfOvuetjeaqJ8TtGKLe1dDnZ7AKY9uNbgLdGuQhVZqf4xKSxxU1Fg5JuXbh8KoSKZRRdE0XwyyiX0jTW81Vw4E8gc9BvHx9gDNWIjPFIJdVg99kOozp3tMkVwwuTyG5R0vf6ov0tmBOb1jWw9B33/kpi4LaCwsn/ltpRzDrSK+EABRPDLzgGCz72JGSFvmQ3dGvk1IPyMEHFN3XSzlvdWeC8hyGcdLXELEnxFX3c9KOc+LHHf9L2glQcJZrlrG+pUsh8eCyKlkY2ml64K85oSzPSvfB5X3vrjHoHUYZyaI715YWPbMvwspOEb3RnPvr+v84y+3iT/FkoQzOayE4tLV9y2NSVM79UZpdf1KgBeZ/ApjUY353pW0RX3u0jbH0a8ywXK0IY4VeW8Dwks2rC3qE7Zsp1INm9K89JoARJAYgr8L3aBhJ70lEwg3P55K3Psc7znNB+14DbWLBzhLtRRM2A4V09FdFV0= mkudryashov@ansible\n ssh-rsa AAAAB3NzaC1yc2EAAAADAQABAAABgQC2Sp0Ql87S2UnOs8+zQSA6iDui8m5T2/OM4U6IaXE1WlK1UonEVJcELAdEzLRO6wqqJe4YBIC0ANJPWeKp8DeTtnO0X/vX9tP86BCoIyI/c3iohe+wVLj9or3ivmQp+bHiTXm3BOy3KNs99TDvzIC9A8EVgQ9OSulUE16qPLpvZisDGLLCpIws+4TWJ90KB7wU5pMVAMZw9POnm7I3vipUYqBmhWrgRCweP6/KXa7o6IoX1goKnwTddAUaJyG0UQNv37V4sc8yAUNQX/uHSHC2kN+C1G57O2af6H7/UJMIgkGYyNEBugs1t5WpDWav2l25EZYbAnJiN51l6+Pc40hVEy1+xhR0s91/UwY7A6ZSoK5q/Y3OnC0kdhWn3GesF9pt/Hw36i3ywbvYB0MnYtJnbofSQCbani/nGBVex/P1vTJeZOZwd8CEhUvZ1nl6VLTi3Xf76ZDbqJmeaWOQJf0tWUdJV80mBc8WOO67ZiKkdgiDapLcJkBjVAnBYqH9S5E= mkudryashov@automation\n","startup":"","tablet":true,"tags":"tofu;linux;ubuntu","target_node":"pve","target_nodes":null,"timeouts":null,"unused_disk":[],"usb":[],"vcpus":1,"vga":[{"memory":null,"type":"serial0"}],"vm_state":"running","vmid":1006},"sensitive_attributes":[[{"type":"get_attr","value":"cipassword"}],[{"type":"get_attr","value":"ssh_private_key"}]],"private":"eyJlMmJmYjczMC1lY2FhLTExZTYtOGY4OC0zNDM2M2JjN2M0YzAiOnsiY3JlYXRlIjoxMjAwMDAwMDAwMDAwLCJkZWZhdWx0IjoxMjAwMDAwMDAwMDAwLCJkZWxldGUiOjEyMDAwMDAwMDAwMDAsInJlYWQiOjEyMDAwMDAwMDAwMDAsInVwZGF0ZSI6MTIwMDAwMDAwMDAwMH19"},{"index_key":"lb01","schema_version":0,"attributes":{"additional_wait":5,"agent":1,"agent_timeout":null,"args":"","automatic_reboot":true,"balloon":0,"bios":"seabios","boot":"c","bootdisk":"scsi0","ci_wait":null,"cicustom":null,"cipassword":"@cuUUe7TH","ciupgrade":true,"ciuser":"mkudryashov","clone":"ubuntu-22.04.4-cloud-template","clone_wait":10,"cores":1,"cpu":"host","default_ipv4_address":"10.10.5.101","default_ipv6_address":"","define_connection_info":true,"desc":"lb01.local","disk":[],"disks":[{"ide":[{"ide0":[{"cdrom":[],"cloudinit":[{"storage":"local_ext4_md0"}],"disk":[],"passthrough":[]}],"ide1":[],"ide2":[],"ide3":[]}],"sata":[],"scsi":[{"scsi0":[{"cdrom":[],"cloudinit":[],"disk":[{"asyncio":"","backup":true,"cache":"","discard":false,"emulatessd":false,"format":"qcow2","id":0,"iops_r_burst":0,"iops_r_burst_length":0,"iops_r_concurrent":0,"iops_wr_burst":0,"iops_wr_burst_length":0,"iops_wr_concurrent":0,"iothread":false,"linked_disk_id":-1,"mbps_r_burst":0,"mbps_r_concurrent":0,"mbps_wr_burst":0,"mbps_wr_concurrent":0,"readonly":false,"replicate":false,"serial":"","size":"10G","storage":"local_ext4_md0","wwn":""}],"passthrough":[]}],"scsi1":[],"scsi10":[],"scsi11":[],"scsi12":[],"scsi13":[],"scsi14":[],"scsi15":[],"scsi16":[],"scsi17":[],"scsi18":[],"scsi19":[],"scsi2":[],"scsi20":[],"scsi21":[],"scsi22":[],"scsi23":[],"scsi24":[],"scsi25":[],"scsi26":[],"scsi27":[],"scsi28":[],"scsi29":[],"scsi3":[],"scsi30":[],"scsi4":[],"scsi5":[],"scsi6":[],"scsi7":[],"scsi8":[],"scsi9":[]}],"virtio":[]}],"efidisk":[],"force_create":false,"force_recreate_on_change_of":null,"full_clone":true,"hagroup":"","hastate":"","hostpci":[],"hotplug":"network,disk,usb","id":"pve/qemu/1001","ipconfig0":"ip=10.10.5.101/24,gw=10.10.5.254","ipconfig1":null,"ipconfig10":null,"ipconfig11":null,"ipconfig12":null,"ipconfig13":null,"ipconfig14":null,"ipconfig15":null,"ipconfig2":null,"ipconfig3":null,"ipconfig4":null,"ipconfig5":null,"ipconfig6":null,"ipconfig7":null,"ipconfig8":null,"ipconfig9":null,"kvm":true,"linked_vmid":0,"machine":"","memory":1024,"name":"lb01.local","nameserver":"10.10.5.254","network":[{"bridge":"vmbr0","firewall":false,"link_down":false,"macaddr":"DA:D1:53:3A:F6:FD","model":"virtio","mtu":0,"queues":0,"rate":0,"tag":1005}],"numa":true,"onboot":true,"os_network_config":null,"os_type":"cloud-init","pool":"","protection":false,"pxe":null,"qemu_os":"l26","reboot_required":false,"scsihw":"virtio-scsi-pci","searchdomain":"local","serial":[{"id":0,"type":"socket"}],"skip_ipv4":false,"skip_ipv6":false,"smbios":[{"family":"","manufacturer":"","product":"","serial":"","sku":"","uuid":"371a2a4d-c357-433c-b564-157b905b5ca1","version":""}],"sockets":1,"ssh_forward_ip":null,"ssh_host":"10.10.5.101","ssh_port":"22","ssh_private_key":null,"ssh_user":null,"sshkeys":" ssh-rsa AAAAB3NzaC1yc2EAAAADAQABAAABgQDsbVRdjzjjGneFF3EfMtRM+Q0ktwN0z44Rnv5Bd36ntBDuq+ScWMg0utD0PNaj0XX2Z8SsHiqtOhpLvyalKqVirsdkhnAAa/iW+hU9C2PB2Uw5SyyHfHsiePJ6DnMX8mm8yeAcnQMODoIqdZyldtbYbOoMQNgm04ry9Wry17BuB9lNpAZGv0Y8bdovNX+Pg+oJV2QrxBV+A6Z7NSWQwkrf3EfKGaMtgNvwVLPE9qhEfh02LNyQfjrOB2NXzm3gvK8TFZxBKWisCiflm+7xefBNBC90zbHWkV20tMlWi620DURNZkx9aGUVoEN842OMAnwhcUx8XMn7vXqZfnRlv2vxOW2xublJcFnWSwsUgUQr/QoJjNskl6Jx8n856rtuJYoDK2kLJOBEGB8y9/vVyiRO3dpwpggkMbC2560gep0xMXrqhaDkrFuWuBanFZbJW0RFmK+H6Fo6HJrFnTDHn6RK0duBic414QKqpi2Hm8OqHgBq0dApgWOZFLNyeq/cgRU= mkudryashov@macbook-air.local\n ssh-rsa AAAAB3NzaC1yc2EAAAADAQABAAABgQCYAkayKZCAXs+7pphwAhlOZ4G48A8SFvsfOvuetjeaqJ8TtGKLe1dDnZ7AKY9uNbgLdGuQhVZqf4xKSxxU1Fg5JuXbh8KoSKZRRdE0XwyyiX0jTW81Vw4E8gc9BvHx9gDNWIjPFIJdVg99kOozp3tMkVwwuTyG5R0vf6ov0tmBOb1jWw9B33/kpi4LaCwsn/ltpRzDrSK+EABRPDLzgGCz72JGSFvmQ3dGvk1IPyMEHFN3XSzlvdWeC8hyGcdLXELEnxFX3c9KOc+LHHf9L2glQcJZrlrG+pUsh8eCyKlkY2ml64K85oSzPSvfB5X3vrjHoHUYZyaI715YWPbMvwspOEb3RnPvr+v84y+3iT/FkoQzOayE4tLV9y2NSVM79UZpdf1KgBeZ/ApjUY353pW0RX3u0jbH0a8ywXK0IY4VeW8Dwks2rC3qE7Zsp1INm9K89JoARJAYgr8L3aBhJ70lEwg3P55K3Psc7znNB+14DbWLBzhLtRRM2A4V09FdFV0= mkudryashov@ansible\n ssh-rsa AAAAB3NzaC1yc2EAAAADAQABAAABgQC2Sp0Ql87S2UnOs8+zQSA6iDui8m5T2/OM4U6IaXE1WlK1UonEVJcELAdEzLRO6wqqJe4YBIC0ANJPWeKp8DeTtnO0X/vX9tP86BCoIyI/c3iohe+wVLj9or3ivmQp+bHiTXm3BOy3KNs99TDvzIC9A8EVgQ9OSulUE16qPLpvZisDGLLCpIws+4TWJ90KB7wU5pMVAMZw9POnm7I3vipUYqBmhWrgRCweP6/KXa7o6IoX1goKnwTddAUaJyG0UQNv37V4sc8yAUNQX/uHSHC2kN+C1G57O2af6H7/UJMIgkGYyNEBugs1t5WpDWav2l25EZYbAnJiN51l6+Pc40hVEy1+xhR0s91/UwY7A6ZSoK5q/Y3OnC0kdhWn3GesF9pt/Hw36i3ywbvYB0MnYtJnbofSQCbani/nGBVex/P1vTJeZOZwd8CEhUvZ1nl6VLTi3Xf76ZDbqJmeaWOQJf0tWUdJV80mBc8WOO67ZiKkdgiDapLcJkBjVAnBYqH9S5E= mkudryashov@automation\n","startup":"","tablet":true,"tags":"tofu;linux;ubuntu","target_node":"pve","target_nodes":null,"timeouts":null,"unused_disk":[],"usb":[],"vcpus":1,"vga":[{"memory":null,"type":"serial0"}],"vm_state":"running","vmid":1001},"sensitive_attributes":[[{"type":"get_attr","value":"ssh_private_key"}],[{"type":"get_attr","value":"cipassword"}]],"private":"eyJlMmJmYjczMC1lY2FhLTExZTYtOGY4OC0zNDM2M2JjN2M0YzAiOnsiY3JlYXRlIjoxMjAwMDAwMDAwMDAwLCJkZWZhdWx0IjoxMjAwMDAwMDAwMDAwLCJkZWxldGUiOjEyMDAwMDAwMDAwMDAsInJlYWQiOjEyMDAwMDAwMDAwMDAsInVwZGF0ZSI6MTIwMDAwMDAwMDAwMH19"},{"index_key":"lb02","schema_version":0,"attributes":{"additional_wait":5,"agent":1,"agent_timeout":null,"args":"","automatic_reboot":true,"balloon":0,"bios":"seabios","boot":"c","bootdisk":"scsi0","ci_wait":null,"cicustom":null,"cipassword":"@cuUUe7TH","ciupgrade":true,"ciuser":"mkudryashov","clone":"ubuntu-22.04.4-cloud-template","clone_wait":10,"cores":1,"cpu":"host","default_ipv4_address":"10.10.5.102","default_ipv6_address":"","define_connection_info":true,"desc":"lb02.local","disk":[],"disks":[{"ide":[{"ide0":[{"cdrom":[],"cloudinit":[{"storage":"local_ext4_md0"}],"disk":[],"passthrough":[]}],"ide1":[],"ide2":[],"ide3":[]}],"sata":[],"scsi":[{"scsi0":[{"cdrom":[],"cloudinit":[],"disk":[{"asyncio":"","backup":true,"cache":"","discard":false,"emulatessd":false,"format":"qcow2","id":0,"iops_r_burst":0,"iops_r_burst_length":0,"iops_r_concurrent":0,"iops_wr_burst":0,"iops_wr_burst_length":0,"iops_wr_concurrent":0,"iothread":false,"linked_disk_id":-1,"mbps_r_burst":0,"mbps_r_concurrent":0,"mbps_wr_burst":0,"mbps_wr_concurrent":0,"readonly":false,"replicate":false,"serial":"","size":"10G","storage":"local_ext4_md0","wwn":""}],"passthrough":[]}],"scsi1":[],"scsi10":[],"scsi11":[],"scsi12":[],"scsi13":[],"scsi14":[],"scsi15":[],"scsi16":[],"scsi17":[],"scsi18":[],"scsi19":[],"scsi2":[],"scsi20":[],"scsi21":[],"scsi22":[],"scsi23":[],"scsi24":[],"scsi25":[],"scsi26":[],"scsi27":[],"scsi28":[],"scsi29":[],"scsi3":[],"scsi30":[],"scsi4":[],"scsi5":[],"scsi6":[],"scsi7":[],"scsi8":[],"scsi9":[]}],"virtio":[]}],"efidisk":[],"force_create":false,"force_recreate_on_change_of":null,"full_clone":true,"hagroup":"","hastate":"","hostpci":[],"hotplug":"network,disk,usb","id":"pve/qemu/1002","ipconfig0":"ip=10.10.5.102/24,gw=10.10.5.254","ipconfig1":null,"ipconfig10":null,"ipconfig11":null,"ipconfig12":null,"ipconfig13":null,"ipconfig14":null,"ipconfig15":null,"ipconfig2":null,"ipconfig3":null,"ipconfig4":null,"ipconfig5":null,"ipconfig6":null,"ipconfig7":null,"ipconfig8":null,"ipconfig9":null,"kvm":true,"linked_vmid":0,"machine":"","memory":1024,"name":"lb02.local","nameserver":"10.10.5.254","network":[{"bridge":"vmbr0","firewall":false,"link_down":false,"macaddr":"96:7A:FF:7F:C7:A5","model":"virtio","mtu":0,"queues":0,"rate":0,"tag":1005}],"numa":true,"onboot":true,"os_network_config":null,"os_type":"cloud-init","pool":"","protection":false,"pxe":null,"qemu_os":"l26","reboot_required":false,"scsihw":"virtio-scsi-pci","searchdomain":"local","serial":[{"id":0,"type":"socket"}],"skip_ipv4":false,"skip_ipv6":false,"smbios":[{"family":"","manufacturer":"","product":"","serial":"","sku":"","uuid":"3a5d435b-0878-41ff-a732-0f9e7e3c8c78","version":""}],"sockets":1,"ssh_forward_ip":null,"ssh_host":"10.10.5.102","ssh_port":"22","ssh_private_key":null,"ssh_user":null,"sshkeys":" ssh-rsa AAAAB3NzaC1yc2EAAAADAQABAAABgQDsbVRdjzjjGneFF3EfMtRM+Q0ktwN0z44Rnv5Bd36ntBDuq+ScWMg0utD0PNaj0XX2Z8SsHiqtOhpLvyalKqVirsdkhnAAa/iW+hU9C2PB2Uw5SyyHfHsiePJ6DnMX8mm8yeAcnQMODoIqdZyldtbYbOoMQNgm04ry9Wry17BuB9lNpAZGv0Y8bdovNX+Pg+oJV2QrxBV+A6Z7NSWQwkrf3EfKGaMtgNvwVLPE9qhEfh02LNyQfjrOB2NXzm3gvK8TFZxBKWisCiflm+7xefBNBC90zbHWkV20tMlWi620DURNZkx9aGUVoEN842OMAnwhcUx8XMn7vXqZfnRlv2vxOW2xublJcFnWSwsUgUQr/QoJjNskl6Jx8n856rtuJYoDK2kLJOBEGB8y9/vVyiRO3dpwpggkMbC2560gep0xMXrqhaDkrFuWuBanFZbJW0RFmK+H6Fo6HJrFnTDHn6RK0duBic414QKqpi2Hm8OqHgBq0dApgWOZFLNyeq/cgRU= mkudryashov@macbook-air.local\n ssh-rsa AAAAB3NzaC1yc2EAAAADAQABAAABgQCYAkayKZCAXs+7pphwAhlOZ4G48A8SFvsfOvuetjeaqJ8TtGKLe1dDnZ7AKY9uNbgLdGuQhVZqf4xKSxxU1Fg5JuXbh8KoSKZRRdE0XwyyiX0jTW81Vw4E8gc9BvHx9gDNWIjPFIJdVg99kOozp3tMkVwwuTyG5R0vf6ov0tmBOb1jWw9B33/kpi4LaCwsn/ltpRzDrSK+EABRPDLzgGCz72JGSFvmQ3dGvk1IPyMEHFN3XSzlvdWeC8hyGcdLXELEnxFX3c9KOc+LHHf9L2glQcJZrlrG+pUsh8eCyKlkY2ml64K85oSzPSvfB5X3vrjHoHUYZyaI715YWPbMvwspOEb3RnPvr+v84y+3iT/FkoQzOayE4tLV9y2NSVM79UZpdf1KgBeZ/ApjUY353pW0RX3u0jbH0a8ywXK0IY4VeW8Dwks2rC3qE7Zsp1INm9K89JoARJAYgr8L3aBhJ70lEwg3P55K3Psc7znNB+14DbWLBzhLtRRM2A4V09FdFV0= mkudryashov@ansible\n ssh-rsa AAAAB3NzaC1yc2EAAAADAQABAAABgQC2Sp0Ql87S2UnOs8+zQSA6iDui8m5T2/OM4U6IaXE1WlK1UonEVJcELAdEzLRO6wqqJe4YBIC0ANJPWeKp8DeTtnO0X/vX9tP86BCoIyI/c3iohe+wVLj9or3ivmQp+bHiTXm3BOy3KNs99TDvzIC9A8EVgQ9OSulUE16qPLpvZisDGLLCpIws+4TWJ90KB7wU5pMVAMZw9POnm7I3vipUYqBmhWrgRCweP6/KXa7o6IoX1goKnwTddAUaJyG0UQNv37V4sc8yAUNQX/uHSHC2kN+C1G57O2af6H7/UJMIgkGYyNEBugs1t5WpDWav2l25EZYbAnJiN51l6+Pc40hVEy1+xhR0s91/UwY7A6ZSoK5q/Y3OnC0kdhWn3GesF9pt/Hw36i3ywbvYB0MnYtJnbofSQCbani/nGBVex/P1vTJeZOZwd8CEhUvZ1nl6VLTi3Xf76ZDbqJmeaWOQJf0tWUdJV80mBc8WOO67ZiKkdgiDapLcJkBjVAnBYqH9S5E= mkudryashov@automation\n","startup":"","tablet":true,"tags":"tofu;linux;ubuntu","target_node":"pve","target_nodes":null,"timeouts":null,"unused_disk":[],"usb":[],"vcpus":1,"vga":[{"memory":null,"type":"serial0"}],"vm_state":"running","vmid":1002},"sensitive_attributes":[[{"type":"get_attr","value":"cipassword"}],[{"type":"get_attr","value":"ssh_private_key"}]],"private":"eyJlMmJmYjczMC1lY2FhLTExZTYtOGY4OC0zNDM2M2JjN2M0YzAiOnsiY3JlYXRlIjoxMjAwMDAwMDAwMDAwLCJkZWZhdWx0IjoxMjAwMDAwMDAwMDAwLCJkZWxldGUiOjEyMDAwMDAwMDAwMDAsInJlYWQiOjEyMDAwMDAwMDAwMDAsInVwZGF0ZSI6MTIwMDAwMDAwMDAwMH19"},{"index_key":"log01","schema_version":0,"attributes":{"additional_wait":5,"agent":1,"agent_timeout":null,"args":"","automatic_reboot":true,"balloon":0,"bios":"seabios","boot":"c","bootdisk":"scsi0","ci_wait":null,"cicustom":null,"cipassword":"@cuUUe7TH","ciupgrade":true,"ciuser":"mkudryashov","clone":"ubuntu-22.04.4-cloud-template","clone_wait":10,"cores":1,"cpu":"host","default_ipv4_address":"10.10.5.108","default_ipv6_address":"","define_connection_info":true,"desc":"log01.local","disk":[],"disks":[{"ide":[{"ide0":[{"cdrom":[],"cloudinit":[{"storage":"local_ext4_md0"}],"disk":[],"passthrough":[]}],"ide1":[],"ide2":[],"ide3":[]}],"sata":[],"scsi":[{"scsi0":[{"cdrom":[],"cloudinit":[],"disk":[{"asyncio":"","backup":true,"cache":"","discard":false,"emulatessd":false,"format":"qcow2","id":0,"iops_r_burst":0,"iops_r_burst_length":0,"iops_r_concurrent":0,"iops_wr_burst":0,"iops_wr_burst_length":0,"iops_wr_concurrent":0,"iothread":false,"linked_disk_id":-1,"mbps_r_burst":0,"mbps_r_concurrent":0,"mbps_wr_burst":0,"mbps_wr_concurrent":0,"readonly":false,"replicate":false,"serial":"","size":"10G","storage":"local_ext4_md0","wwn":""}],"passthrough":[]}],"scsi1":[],"scsi10":[],"scsi11":[],"scsi12":[],"scsi13":[],"scsi14":[],"scsi15":[],"scsi16":[],"scsi17":[],"scsi18":[],"scsi19":[],"scsi2":[],"scsi20":[],"scsi21":[],"scsi22":[],"scsi23":[],"scsi24":[],"scsi25":[],"scsi26":[],"scsi27":[],"scsi28":[],"scsi29":[],"scsi3":[],"scsi30":[],"scsi4":[],"scsi5":[],"scsi6":[],"scsi7":[],"scsi8":[],"scsi9":[]}],"virtio":[]}],"efidisk":[],"force_create":false,"force_recreate_on_change_of":null,"full_clone":true,"hagroup":"","hastate":"","hostpci":[],"hotplug":"network,disk,usb","id":"pve/qemu/1008","ipconfig0":"ip=10.10.5.108/24,gw=10.10.5.254","ipconfig1":null,"ipconfig10":null,"ipconfig11":null,"ipconfig12":null,"ipconfig13":null,"ipconfig14":null,"ipconfig15":null,"ipconfig2":null,"ipconfig3":null,"ipconfig4":null,"ipconfig5":null,"ipconfig6":null,"ipconfig7":null,"ipconfig8":null,"ipconfig9":null,"kvm":true,"linked_vmid":0,"machine":"","memory":1024,"name":"log01.local","nameserver":"10.10.5.254","network":[{"bridge":"vmbr0","firewall":false,"link_down":false,"macaddr":"76:3F:63:D8:DD:0E","model":"virtio","mtu":0,"queues":0,"rate":0,"tag":1005}],"numa":true,"onboot":true,"os_network_config":null,"os_type":"cloud-init","pool":"","protection":false,"pxe":null,"qemu_os":"l26","reboot_required":false,"scsihw":"virtio-scsi-pci","searchdomain":"local","serial":[{"id":0,"type":"socket"}],"skip_ipv4":false,"skip_ipv6":false,"smbios":[{"family":"","manufacturer":"","product":"","serial":"","sku":"","uuid":"f07539eb-32ee-414a-8753-bfd1d1763650","version":""}],"sockets":1,"ssh_forward_ip":null,"ssh_host":"10.10.5.108","ssh_port":"22","ssh_private_key":null,"ssh_user":null,"sshkeys":" ssh-rsa AAAAB3NzaC1yc2EAAAADAQABAAABgQDsbVRdjzjjGneFF3EfMtRM+Q0ktwN0z44Rnv5Bd36ntBDuq+ScWMg0utD0PNaj0XX2Z8SsHiqtOhpLvyalKqVirsdkhnAAa/iW+hU9C2PB2Uw5SyyHfHsiePJ6DnMX8mm8yeAcnQMODoIqdZyldtbYbOoMQNgm04ry9Wry17BuB9lNpAZGv0Y8bdovNX+Pg+oJV2QrxBV+A6Z7NSWQwkrf3EfKGaMtgNvwVLPE9qhEfh02LNyQfjrOB2NXzm3gvK8TFZxBKWisCiflm+7xefBNBC90zbHWkV20tMlWi620DURNZkx9aGUVoEN842OMAnwhcUx8XMn7vXqZfnRlv2vxOW2xublJcFnWSwsUgUQr/QoJjNskl6Jx8n856rtuJYoDK2kLJOBEGB8y9/vVyiRO3dpwpggkMbC2560gep0xMXrqhaDkrFuWuBanFZbJW0RFmK+H6Fo6HJrFnTDHn6RK0duBic414QKqpi2Hm8OqHgBq0dApgWOZFLNyeq/cgRU= mkudryashov@macbook-air.local\n ssh-rsa AAAAB3NzaC1yc2EAAAADAQABAAABgQCYAkayKZCAXs+7pphwAhlOZ4G48A8SFvsfOvuetjeaqJ8TtGKLe1dDnZ7AKY9uNbgLdGuQhVZqf4xKSxxU1Fg5JuXbh8KoSKZRRdE0XwyyiX0jTW81Vw4E8gc9BvHx9gDNWIjPFIJdVg99kOozp3tMkVwwuTyG5R0vf6ov0tmBOb1jWw9B33/kpi4LaCwsn/ltpRzDrSK+EABRPDLzgGCz72JGSFvmQ3dGvk1IPyMEHFN3XSzlvdWeC8hyGcdLXELEnxFX3c9KOc+LHHf9L2glQcJZrlrG+pUsh8eCyKlkY2ml64K85oSzPSvfB5X3vrjHoHUYZyaI715YWPbMvwspOEb3RnPvr+v84y+3iT/FkoQzOayE4tLV9y2NSVM79UZpdf1KgBeZ/ApjUY353pW0RX3u0jbH0a8ywXK0IY4VeW8Dwks2rC3qE7Zsp1INm9K89JoARJAYgr8L3aBhJ70lEwg3P55K3Psc7znNB+14DbWLBzhLtRRM2A4V09FdFV0= mkudryashov@ansible\n ssh-rsa AAAAB3NzaC1yc2EAAAADAQABAAABgQC2Sp0Ql87S2UnOs8+zQSA6iDui8m5T2/OM4U6IaXE1WlK1UonEVJcELAdEzLRO6wqqJe4YBIC0ANJPWeKp8DeTtnO0X/vX9tP86BCoIyI/c3iohe+wVLj9or3ivmQp+bHiTXm3BOy3KNs99TDvzIC9A8EVgQ9OSulUE16qPLpvZisDGLLCpIws+4TWJ90KB7wU5pMVAMZw9POnm7I3vipUYqBmhWrgRCweP6/KXa7o6IoX1goKnwTddAUaJyG0UQNv37V4sc8yAUNQX/uHSHC2kN+C1G57O2af6H7/UJMIgkGYyNEBugs1t5WpDWav2l25EZYbAnJiN51l6+Pc40hVEy1+xhR0s91/UwY7A6ZSoK5q/Y3OnC0kdhWn3GesF9pt/Hw36i3ywbvYB0MnYtJnbofSQCbani/nGBVex/P1vTJeZOZwd8CEhUvZ1nl6VLTi3Xf76ZDbqJmeaWOQJf0tWUdJV80mBc8WOO67ZiKkdgiDapLcJkBjVAnBYqH9S5E= mkudryashov@automation\n","startup":"","tablet":true,"tags":"tofu;linux;ubuntu","target_node":"pve","target_nodes":null,"timeouts":null,"unused_disk":[],"usb":[],"vcpus":1,"vga":[{"memory":null,"type":"serial0"}],"vm_state":"running","vmid":1008},"sensitive_attributes":[[{"type":"get_attr","value":"ssh_private_key"}],[{"type":"get_attr","value":"cipassword"}]],"private":"eyJlMmJmYjczMC1lY2FhLTExZTYtOGY4OC0zNDM2M2JjN2M0YzAiOnsiY3JlYXRlIjoxMjAwMDAwMDAwMDAwLCJkZWZhdWx0IjoxMjAwMDAwMDAwMDAwLCJkZWxldGUiOjEyMDAwMDAwMDAwMDAsInJlYWQiOjEyMDAwMDAwMDAwMDAsInVwZGF0ZSI6MTIwMDAwMDAwMDAwMH19"},{"index_key":"mon01","schema_version":0,"attributes":{"additional_wait":5,"agent":1,"agent_timeout":null,"args":"","automatic_reboot":true,"balloon":0,"bios":"seabios","boot":"c","bootdisk":"scsi0","ci_wait":null,"cicustom":null,"cipassword":"@cuUUe7TH","ciupgrade":true,"ciuser":"mkudryashov","clone":"ubuntu-22.04.4-cloud-template","clone_wait":10,"cores":1,"cpu":"host","default_ipv4_address":"10.10.5.107","default_ipv6_address":"","define_connection_info":true,"desc":"mon01.local","disk":[],"disks":[{"ide":[{"ide0":[{"cdrom":[],"cloudinit":[{"storage":"local_ext4_md0"}],"disk":[],"passthrough":[]}],"ide1":[],"ide2":[],"ide3":[]}],"sata":[],"scsi":[{"scsi0":[{"cdrom":[],"cloudinit":[],"disk":[{"asyncio":"","backup":true,"cache":"","discard":false,"emulatessd":false,"format":"qcow2","id":0,"iops_r_burst":0,"iops_r_burst_length":0,"iops_r_concurrent":0,"iops_wr_burst":0,"iops_wr_burst_length":0,"iops_wr_concurrent":0,"iothread":false,"linked_disk_id":-1,"mbps_r_burst":0,"mbps_r_concurrent":0,"mbps_wr_burst":0,"mbps_wr_concurrent":0,"readonly":false,"replicate":false,"serial":"","size":"10G","storage":"local_ext4_md0","wwn":""}],"passthrough":[]}],"scsi1":[],"scsi10":[],"scsi11":[],"scsi12":[],"scsi13":[],"scsi14":[],"scsi15":[],"scsi16":[],"scsi17":[],"scsi18":[],"scsi19":[],"scsi2":[],"scsi20":[],"scsi21":[],"scsi22":[],"scsi23":[],"scsi24":[],"scsi25":[],"scsi26":[],"scsi27":[],"scsi28":[],"scsi29":[],"scsi3":[],"scsi30":[],"scsi4":[],"scsi5":[],"scsi6":[],"scsi7":[],"scsi8":[],"scsi9":[]}],"virtio":[]}],"efidisk":[],"force_create":false,"force_recreate_on_change_of":null,"full_clone":true,"hagroup":"","hastate":"","hostpci":[],"hotplug":"network,disk,usb","id":"pve/qemu/1007","ipconfig0":"ip=10.10.5.107/24,gw=10.10.5.254","ipconfig1":null,"ipconfig10":null,"ipconfig11":null,"ipconfig12":null,"ipconfig13":null,"ipconfig14":null,"ipconfig15":null,"ipconfig2":null,"ipconfig3":null,"ipconfig4":null,"ipconfig5":null,"ipconfig6":null,"ipconfig7":null,"ipconfig8":null,"ipconfig9":null,"kvm":true,"linked_vmid":0,"machine":"","memory":1024,"name":"mon01.local","nameserver":"10.10.5.254","network":[{"bridge":"vmbr0","firewall":false,"link_down":false,"macaddr":"C6:76:8E:8C:74:97","model":"virtio","mtu":0,"queues":0,"rate":0,"tag":1005}],"numa":true,"onboot":true,"os_network_config":null,"os_type":"cloud-init","pool":"","protection":false,"pxe":null,"qemu_os":"l26","reboot_required":false,"scsihw":"virtio-scsi-pci","searchdomain":"local","serial":[{"id":0,"type":"socket"}],"skip_ipv4":false,"skip_ipv6":false,"smbios":[{"family":"","manufacturer":"","product":"","serial":"","sku":"","uuid":"35133b5f-843f-4897-a8cc-29ba02f6ddfe","version":""}],"sockets":1,"ssh_forward_ip":null,"ssh_host":"10.10.5.107","ssh_port":"22","ssh_private_key":null,"ssh_user":null,"sshkeys":" ssh-rsa AAAAB3NzaC1yc2EAAAADAQABAAABgQDsbVRdjzjjGneFF3EfMtRM+Q0ktwN0z44Rnv5Bd36ntBDuq+ScWMg0utD0PNaj0XX2Z8SsHiqtOhpLvyalKqVirsdkhnAAa/iW+hU9C2PB2Uw5SyyHfHsiePJ6DnMX8mm8yeAcnQMODoIqdZyldtbYbOoMQNgm04ry9Wry17BuB9lNpAZGv0Y8bdovNX+Pg+oJV2QrxBV+A6Z7NSWQwkrf3EfKGaMtgNvwVLPE9qhEfh02LNyQfjrOB2NXzm3gvK8TFZxBKWisCiflm+7xefBNBC90zbHWkV20tMlWi620DURNZkx9aGUVoEN842OMAnwhcUx8XMn7vXqZfnRlv2vxOW2xublJcFnWSwsUgUQr/QoJjNskl6Jx8n856rtuJYoDK2kLJOBEGB8y9/vVyiRO3dpwpggkMbC2560gep0xMXrqhaDkrFuWuBanFZbJW0RFmK+H6Fo6HJrFnTDHn6RK0duBic414QKqpi2Hm8OqHgBq0dApgWOZFLNyeq/cgRU= mkudryashov@macbook-air.local\n ssh-rsa AAAAB3NzaC1yc2EAAAADAQABAAABgQCYAkayKZCAXs+7pphwAhlOZ4G48A8SFvsfOvuetjeaqJ8TtGKLe1dDnZ7AKY9uNbgLdGuQhVZqf4xKSxxU1Fg5JuXbh8KoSKZRRdE0XwyyiX0jTW81Vw4E8gc9BvHx9gDNWIjPFIJdVg99kOozp3tMkVwwuTyG5R0vf6ov0tmBOb1jWw9B33/kpi4LaCwsn/ltpRzDrSK+EABRPDLzgGCz72JGSFvmQ3dGvk1IPyMEHFN3XSzlvdWeC8hyGcdLXELEnxFX3c9KOc+LHHf9L2glQcJZrlrG+pUsh8eCyKlkY2ml64K85oSzPSvfB5X3vrjHoHUYZyaI715YWPbMvwspOEb3RnPvr+v84y+3iT/FkoQzOayE4tLV9y2NSVM79UZpdf1KgBeZ/ApjUY353pW0RX3u0jbH0a8ywXK0IY4VeW8Dwks2rC3qE7Zsp1INm9K89JoARJAYgr8L3aBhJ70lEwg3P55K3Psc7znNB+14DbWLBzhLtRRM2A4V09FdFV0= mkudryashov@ansible\n ssh-rsa AAAAB3NzaC1yc2EAAAADAQABAAABgQC2Sp0Ql87S2UnOs8+zQSA6iDui8m5T2/OM4U6IaXE1WlK1UonEVJcELAdEzLRO6wqqJe4YBIC0ANJPWeKp8DeTtnO0X/vX9tP86BCoIyI/c3iohe+wVLj9or3ivmQp+bHiTXm3BOy3KNs99TDvzIC9A8EVgQ9OSulUE16qPLpvZisDGLLCpIws+4TWJ90KB7wU5pMVAMZw9POnm7I3vipUYqBmhWrgRCweP6/KXa7o6IoX1goKnwTddAUaJyG0UQNv37V4sc8yAUNQX/uHSHC2kN+C1G57O2af6H7/UJMIgkGYyNEBugs1t5WpDWav2l25EZYbAnJiN51l6+Pc40hVEy1+xhR0s91/UwY7A6ZSoK5q/Y3OnC0kdhWn3GesF9pt/Hw36i3ywbvYB0MnYtJnbofSQCbani/nGBVex/P1vTJeZOZwd8CEhUvZ1nl6VLTi3Xf76ZDbqJmeaWOQJf0tWUdJV80mBc8WOO67ZiKkdgiDapLcJkBjVAnBYqH9S5E= mkudryashov@automation\n","startup":"","tablet":true,"tags":"tofu;linux;ubuntu","target_node":"pve","target_nodes":null,"timeouts":null,"unused_disk":[],"usb":[],"vcpus":1,"vga":[{"memory":null,"type":"serial0"}],"vm_state":"running","vmid":1007},"sensitive_attributes":[[{"type":"get_attr","value":"cipassword"}],[{"type":"get_attr","value":"ssh_private_key"}]],"private":"eyJlMmJmYjczMC1lY2FhLTExZTYtOGY4OC0zNDM2M2JjN2M0YzAiOnsiY3JlYXRlIjoxMjAwMDAwMDAwMDAwLCJkZWZhdWx0IjoxMjAwMDAwMDAwMDAwLCJkZWxldGUiOjEyMDAwMDAwMDAwMDAsInJlYWQiOjEyMDAwMDAwMDAwMDAsInVwZGF0ZSI6MTIwMDAwMDAwMDAwMH19"}]}],"check_results":null}
